{
  "nodes": {
    "flakeNimbleLib": {
      "inputs": {
        "nixpkgs": [
          "nixpkgs"
        ]
      },
      "locked": {
        "lastModified": 1648105061,
        "narHash": "sha256-Je25qNlH4xrH3+m6vIq6yPvdfQ80FRTwX4JOhrRLduc=",
        "owner": "riinr",
        "repo": "nim-flakes-lib",
        "rev": "f1ec5e2f15b9f717c33b6942ce7cb344ff868522",
        "type": "github"
      },
      "original": {
        "owner": "riinr",
        "ref": "master",
        "repo": "nim-flakes-lib",
        "type": "github"
      }
    },
    "illwave-0_1_0": {
      "inputs": {
        "flakeNimbleLib": [
          "flakeNimbleLib"
        ],
        "nixpkgs": [
          "nixpkgs"
        ],
        "src-illwave-0_1_0": "src-illwave-0_1_0"
      },
      "locked": {
        "dir": "0_1_0",
        "lastModified": 1652791528,
        "narHash": "sha256-C20ODPUFs6tUfCOTQzWl3RnR5U0BNOzLgRJvL5e25os=",
        "owner": "nim-nix-pkgs",
        "repo": "illwave",
        "rev": "0622c0c1d33901ea85b5bd7c8808400a8c30575e",
        "type": "github"
      },
      "original": {
        "dir": "0_1_0",
        "owner": "nim-nix-pkgs",
        "ref": "master",
        "repo": "illwave",
        "type": "github"
      }
    },
    "illwave-master": {
      "inputs": {
        "flakeNimbleLib": [
          "flakeNimbleLib"
        ],
        "nixpkgs": [
          "nixpkgs"
        ],
        "src-illwave-master": "src-illwave-master"
      },
      "locked": {
        "dir": "master",
        "lastModified": 1652791528,
        "narHash": "sha256-C20ODPUFs6tUfCOTQzWl3RnR5U0BNOzLgRJvL5e25os=",
        "owner": "nim-nix-pkgs",
        "repo": "illwave",
        "rev": "0622c0c1d33901ea85b5bd7c8808400a8c30575e",
        "type": "github"
      },
      "original": {
        "dir": "master",
        "owner": "nim-nix-pkgs",
        "ref": "master",
        "repo": "illwave",
        "type": "github"
      }
    },
    "nixpkgs": {
      "locked": {
        "narHash": "sha256-7sWpWRO0IsBP5jm9qCrpuzDkWC7UAghiCmZZ+1uqHKo=",
        "path": "/nix/store/q2jrkx5a3z6yxzbfai0kxpnqki80jm3l-source",
        "type": "path"
      },
      "original": {
        "id": "nixpkgs",
        "type": "indirect"
      }
    },
    "root": {
      "inputs": {
        "flakeNimbleLib": "flakeNimbleLib",
        "illwave-0_1_0": "illwave-0_1_0",
        "illwave-master": "illwave-master",
        "nixpkgs": "nixpkgs"
      }
    },
    "src-illwave-0_1_0": {
      "flake": false,
      "locked": {
        "lastModified": 1652783398,
        "narHash": "sha256-knveKmrLXSGzTjsEr5s4DWRlLNYVJpCUmS7E4EzZc24=",
        "owner": "ansiwave",
        "repo": "illwave",
        "rev": "35ad9b8e39a7caffcadf89983332320d7a78fca9",
        "type": "github"
      },
      "original": {
        "owner": "ansiwave",
        "ref": "refs/tags/0.1.0",
        "repo": "illwave",
        "type": "github"
      }
    },
    "src-illwave-master": {
      "flake": false,
      "locked": {
        "lastModified": 1652783398,
        "narHash": "sha256-knveKmrLXSGzTjsEr5s4DWRlLNYVJpCUmS7E4EzZc24=",
        "owner": "ansiwave",
        "repo": "illwave",
        "rev": "35ad9b8e39a7caffcadf89983332320d7a78fca9",
        "type": "github"
      },
      "original": {
        "owner": "ansiwave",
        "ref": "refs/heads/master",
        "repo": "illwave",
        "type": "github"
      }
    }
  },
  "root": "root",
  "version": 7
}
